
Microsoft Visual Studio Solution File, Format Version 12.00
# Visual Studio Version 17
VisualStudioVersion = 17.0.31903.59
MinimumVisualStudioVersion = 10.0.40219.1
Project("{2150E333-8FDC-42A3-9474-1A3956D46DE8}") = "src", "src", "{A8185A30-2D9C-4452-8947-F0D83D6C43A2}"
EndProject
Project("{2150E333-8FDC-42A3-9474-1A3956D46DE8}") = "Presentation", "Presentation", "{327A7464-AD4B-4F77-B24B-F48562D5BA98}"
EndProject
Project("{2150E333-8FDC-42A3-9474-1A3956D46DE8}") = "Application", "Application", "{72EFD800-7723-49EE-8850-1DC556BA23F9}"
EndProject
Project("{FAE04EC0-301F-11D3-BF4B-00C04F79EFBC}") = "TodoApi", "src\Application\TodoApi\TodoApi.csproj", "{95E297B8-7FED-4504-A3E2-9BFB3687BC3A}"
EndProject
Project("{2150E333-8FDC-42A3-9474-1A3956D46DE8}") = "Domain", "Domain", "{C58A03FB-2494-4599-80CD-A8D8E4F82180}"
EndProject
Project("{FAE04EC0-301F-11D3-BF4B-00C04F79EFBC}") = "TodoEntities", "src\Domain\TodoEntities\TodoEntities.csproj", "{CB3D557C-602B-4054-B247-80E0E36C92A7}"
EndProject
Project("{2150E333-8FDC-42A3-9474-1A3956D46DE8}") = "Infrastructure", "Infrastructure", "{23F563DC-DAE1-40C8-BBFC-9D598D5D0B8E}"
EndProject
Project("{FAE04EC0-301F-11D3-BF4B-00C04F79EFBC}") = "TodoData", "src\Infrastructure\TodoData\TodoData.csproj", "{D2AC777A-EB94-41F6-AAC8-A47C3699D8B1}"
EndProject
Project("{FAE04EC0-301F-11D3-BF4B-00C04F79EFBC}") = "TodoServices", "src\Domain\TodoServices\TodoServices.csproj", "{51DCBA9D-E730-4E36-A2AC-26B2F9DFC3E7}"
EndProject
Project("{FAE04EC0-301F-11D3-BF4B-00C04F79EFBC}") = "TodoDtos", "src\Domain\TodoDtos\TodoDtos.csproj", "{9F598975-FEA8-47EF-806E-069E71D42010}"
EndProject
Project("{FAE04EC0-301F-11D3-BF4B-00C04F79EFBC}") = "TodoServiceInterfaces", "src\Domain\TodoServiceInterfaces\TodoServiceInterfaces.csproj", "{F87AC48B-E581-4308-80C9-8CEF2435938E}"
EndProject
Project("{FAE04EC0-301F-11D3-BF4B-00C04F79EFBC}") = "TodoRepositories", "src\Infrastructure\TodoRepositories\TodoRepositories.csproj", "{EE141099-0C83-4AA1-B0CE-81D7039BEE67}"
EndProject
Project("{FAE04EC0-301F-11D3-BF4B-00C04F79EFBC}") = "TodoRepositoryInterfaces", "src\Domain\TodoRepositoryInterfaces\TodoRepositoryInterfaces.csproj", "{E4286A6B-57FC-4D22-BCDD-866CAB923F8B}"
EndProject
Global
	GlobalSection(SolutionConfigurationPlatforms) = preSolution
		Debug|Any CPU = Debug|Any CPU
		Release|Any CPU = Release|Any CPU
	EndGlobalSection
	GlobalSection(ProjectConfigurationPlatforms) = postSolution
		{95E297B8-7FED-4504-A3E2-9BFB3687BC3A}.Debug|Any CPU.ActiveCfg = Debug|Any CPU
		{95E297B8-7FED-4504-A3E2-9BFB3687BC3A}.Debug|Any CPU.Build.0 = Debug|Any CPU
		{95E297B8-7FED-4504-A3E2-9BFB3687BC3A}.Release|Any CPU.ActiveCfg = Release|Any CPU
		{95E297B8-7FED-4504-A3E2-9BFB3687BC3A}.Release|Any CPU.Build.0 = Release|Any CPU
		{CB3D557C-602B-4054-B247-80E0E36C92A7}.Debug|Any CPU.ActiveCfg = Debug|Any CPU
		{CB3D557C-602B-4054-B247-80E0E36C92A7}.Debug|Any CPU.Build.0 = Debug|Any CPU
		{CB3D557C-602B-4054-B247-80E0E36C92A7}.Release|Any CPU.ActiveCfg = Release|Any CPU
		{CB3D557C-602B-4054-B247-80E0E36C92A7}.Release|Any CPU.Build.0 = Release|Any CPU
		{D2AC777A-EB94-41F6-AAC8-A47C3699D8B1}.Debug|Any CPU.ActiveCfg = Debug|Any CPU
		{D2AC777A-EB94-41F6-AAC8-A47C3699D8B1}.Debug|Any CPU.Build.0 = Debug|Any CPU
		{D2AC777A-EB94-41F6-AAC8-A47C3699D8B1}.Release|Any CPU.ActiveCfg = Release|Any CPU
		{D2AC777A-EB94-41F6-AAC8-A47C3699D8B1}.Release|Any CPU.Build.0 = Release|Any CPU
		{51DCBA9D-E730-4E36-A2AC-26B2F9DFC3E7}.Debug|Any CPU.ActiveCfg = Debug|Any CPU
		{51DCBA9D-E730-4E36-A2AC-26B2F9DFC3E7}.Debug|Any CPU.Build.0 = Debug|Any CPU
		{51DCBA9D-E730-4E36-A2AC-26B2F9DFC3E7}.Release|Any CPU.ActiveCfg = Release|Any CPU
		{51DCBA9D-E730-4E36-A2AC-26B2F9DFC3E7}.Release|Any CPU.Build.0 = Release|Any CPU
		{9F598975-FEA8-47EF-806E-069E71D42010}.Debug|Any CPU.ActiveCfg = Debug|Any CPU
		{9F598975-FEA8-47EF-806E-069E71D42010}.Debug|Any CPU.Build.0 = Debug|Any CPU
		{9F598975-FEA8-47EF-806E-069E71D42010}.Release|Any CPU.ActiveCfg = Release|Any CPU
		{9F598975-FEA8-47EF-806E-069E71D42010}.Release|Any CPU.Build.0 = Release|Any CPU
		{F87AC48B-E581-4308-80C9-8CEF2435938E}.Debug|Any CPU.ActiveCfg = Debug|Any CPU
		{F87AC48B-E581-4308-80C9-8CEF2435938E}.Debug|Any CPU.Build.0 = Debug|Any CPU
		{F87AC48B-E581-4308-80C9-8CEF2435938E}.Release|Any CPU.ActiveCfg = Release|Any CPU
		{F87AC48B-E581-4308-80C9-8CEF2435938E}.Release|Any CPU.Build.0 = Release|Any CPU
		{EE141099-0C83-4AA1-B0CE-81D7039BEE67}.Debug|Any CPU.ActiveCfg = Debug|Any CPU
		{EE141099-0C83-4AA1-B0CE-81D7039BEE67}.Debug|Any CPU.Build.0 = Debug|Any CPU
		{EE141099-0C83-4AA1-B0CE-81D7039BEE67}.Release|Any CPU.ActiveCfg = Release|Any CPU
		{EE141099-0C83-4AA1-B0CE-81D7039BEE67}.Release|Any CPU.Build.0 = Release|Any CPU
		{E4286A6B-57FC-4D22-BCDD-866CAB923F8B}.Debug|Any CPU.ActiveCfg = Debug|Any CPU
		{E4286A6B-57FC-4D22-BCDD-866CAB923F8B}.Debug|Any CPU.Build.0 = Debug|Any CPU
		{E4286A6B-57FC-4D22-BCDD-866CAB923F8B}.Release|Any CPU.ActiveCfg = Release|Any CPU
		{E4286A6B-57FC-4D22-BCDD-866CAB923F8B}.Release|Any CPU.Build.0 = Release|Any CPU
	EndGlobalSection
	GlobalSection(SolutionProperties) = preSolution
		HideSolutionNode = FALSE
	EndGlobalSection
	GlobalSection(NestedProjects) = preSolution
		{327A7464-AD4B-4F77-B24B-F48562D5BA98} = {A8185A30-2D9C-4452-8947-F0D83D6C43A2}
		{72EFD800-7723-49EE-8850-1DC556BA23F9} = {A8185A30-2D9C-4452-8947-F0D83D6C43A2}
		{95E297B8-7FED-4504-A3E2-9BFB3687BC3A} = {72EFD800-7723-49EE-8850-1DC556BA23F9}
		{C58A03FB-2494-4599-80CD-A8D8E4F82180} = {A8185A30-2D9C-4452-8947-F0D83D6C43A2}
		{CB3D557C-602B-4054-B247-80E0E36C92A7} = {C58A03FB-2494-4599-80CD-A8D8E4F82180}
		{23F563DC-DAE1-40C8-BBFC-9D598D5D0B8E} = {A8185A30-2D9C-4452-8947-F0D83D6C43A2}
		{D2AC777A-EB94-41F6-AAC8-A47C3699D8B1} = {23F563DC-DAE1-40C8-BBFC-9D598D5D0B8E}
		{51DCBA9D-E730-4E36-A2AC-26B2F9DFC3E7} = {C58A03FB-2494-4599-80CD-A8D8E4F82180}
		{9F598975-FEA8-47EF-806E-069E71D42010} = {C58A03FB-2494-4599-80CD-A8D8E4F82180}
		{F87AC48B-E581-4308-80C9-8CEF2435938E} = {C58A03FB-2494-4599-80CD-A8D8E4F82180}
		{EE141099-0C83-4AA1-B0CE-81D7039BEE67} = {23F563DC-DAE1-40C8-BBFC-9D598D5D0B8E}
		{E4286A6B-57FC-4D22-BCDD-866CAB923F8B} = {C58A03FB-2494-4599-80CD-A8D8E4F82180}
	EndGlobalSection
EndGlobal
